
Microsoft Visual Studio Solution File, Format Version 12.00
# Visual Studio Version 17
VisualStudioVersion = 17.0.31903.59
MinimumVisualStudioVersion = 10.0.40219.1
Project("{2150E333-8FDC-42A3-9474-1A3956D46DE8}") = "Core", "Core", "{49CD3135-664D-4E70-B8DD-CA578B88CFD8}"
EndProject
Project("{2150E333-8FDC-42A3-9474-1A3956D46DE8}") = "Services", "Services", "{152A07BF-966E-4323-BA4D-230264881564}"
EndProject
Project("{2150E333-8FDC-42A3-9474-1A3956D46DE8}") = "Order", "Order", "{42D27028-D02A-4A29-83E3-3581C36FA33A}"
EndProject
Project("{FAE04EC0-301F-11D3-BF4B-00C04F79EFBC}") = "Order.API", "Services\Order\Order.API\Order.API.csproj", "{BC10E0D1-C7C7-4535-953F-C77CAA1A994E}"
EndProject
Project("{2150E333-8FDC-42A3-9474-1A3956D46DE8}") = "Stock", "Stock", "{6B32393B-0481-4564-8CF5-85866B8899EB}"
EndProject
Project("{FAE04EC0-301F-11D3-BF4B-00C04F79EFBC}") = "Stock.API", "Services\Stock\Stock.API\Stock.API.csproj", "{6E68306D-D07F-49F9-B5EB-04553F140D73}"
EndProject
Project("{2150E333-8FDC-42A3-9474-1A3956D46DE8}") = "Payment", "Payment", "{92272B8A-1BA0-4031-8C7F-ADEFADCEAF9C}"
EndProject
Project("{FAE04EC0-301F-11D3-BF4B-00C04F79EFBC}") = "Payment.API", "Services\Payment\Payment.API\Payment.API.csproj", "{B03B7FDF-B57D-4396-9AB3-2118FC1B16BB}"
EndProject
Project("{FAE04EC0-301F-11D3-BF4B-00C04F79EFBC}") = "Shared", "Core\Shared\Shared.csproj", "{B6567313-9BB1-4173-A7C8-B363FA9C4EB7}"
EndProject
Global
	GlobalSection(SolutionConfigurationPlatforms) = preSolution
		Debug|Any CPU = Debug|Any CPU
		Release|Any CPU = Release|Any CPU
	EndGlobalSection
	GlobalSection(ProjectConfigurationPlatforms) = postSolution
		{BC10E0D1-C7C7-4535-953F-C77CAA1A994E}.Debug|Any CPU.ActiveCfg = Debug|Any CPU
		{BC10E0D1-C7C7-4535-953F-C77CAA1A994E}.Debug|Any CPU.Build.0 = Debug|Any CPU
		{BC10E0D1-C7C7-4535-953F-C77CAA1A994E}.Release|Any CPU.ActiveCfg = Release|Any CPU
		{BC10E0D1-C7C7-4535-953F-C77CAA1A994E}.Release|Any CPU.Build.0 = Release|Any CPU
		{6E68306D-D07F-49F9-B5EB-04553F140D73}.Debug|Any CPU.ActiveCfg = Debug|Any CPU
		{6E68306D-D07F-49F9-B5EB-04553F140D73}.Debug|Any CPU.Build.0 = Debug|Any CPU
		{6E68306D-D07F-49F9-B5EB-04553F140D73}.Release|Any CPU.ActiveCfg = Release|Any CPU
		{6E68306D-D07F-49F9-B5EB-04553F140D73}.Release|Any CPU.Build.0 = Release|Any CPU
		{B03B7FDF-B57D-4396-9AB3-2118FC1B16BB}.Debug|Any CPU.ActiveCfg = Debug|Any CPU
		{B03B7FDF-B57D-4396-9AB3-2118FC1B16BB}.Debug|Any CPU.Build.0 = Debug|Any CPU
		{B03B7FDF-B57D-4396-9AB3-2118FC1B16BB}.Release|Any CPU.ActiveCfg = Release|Any CPU
		{B03B7FDF-B57D-4396-9AB3-2118FC1B16BB}.Release|Any CPU.Build.0 = Release|Any CPU
		{B6567313-9BB1-4173-A7C8-B363FA9C4EB7}.Debug|Any CPU.ActiveCfg = Debug|Any CPU
		{B6567313-9BB1-4173-A7C8-B363FA9C4EB7}.Debug|Any CPU.Build.0 = Debug|Any CPU
		{B6567313-9BB1-4173-A7C8-B363FA9C4EB7}.Release|Any CPU.ActiveCfg = Release|Any CPU
		{B6567313-9BB1-4173-A7C8-B363FA9C4EB7}.Release|Any CPU.Build.0 = Release|Any CPU
	EndGlobalSection
	GlobalSection(SolutionProperties) = preSolution
		HideSolutionNode = FALSE
	EndGlobalSection
	GlobalSection(NestedProjects) = preSolution
		{42D27028-D02A-4A29-83E3-3581C36FA33A} = {152A07BF-966E-4323-BA4D-230264881564}
		{BC10E0D1-C7C7-4535-953F-C77CAA1A994E} = {42D27028-D02A-4A29-83E3-3581C36FA33A}
		{6B32393B-0481-4564-8CF5-85866B8899EB} = {152A07BF-966E-4323-BA4D-230264881564}
		{6E68306D-D07F-49F9-B5EB-04553F140D73} = {6B32393B-0481-4564-8CF5-85866B8899EB}
		{92272B8A-1BA0-4031-8C7F-ADEFADCEAF9C} = {152A07BF-966E-4323-BA4D-230264881564}
		{B03B7FDF-B57D-4396-9AB3-2118FC1B16BB} = {92272B8A-1BA0-4031-8C7F-ADEFADCEAF9C}
		{B6567313-9BB1-4173-A7C8-B363FA9C4EB7} = {49CD3135-664D-4E70-B8DD-CA578B88CFD8}
	EndGlobalSection
	GlobalSection(ExtensibilityGlobals) = postSolution
		SolutionGuid = {7E404DD4-4936-4187-8937-0A8D8733820B}
	EndGlobalSection
EndGlobal
